
Microsoft Visual Studio Solution File, Format Version 12.00
# Visual Studio Version 17
VisualStudioVersion = 17.10.35013.160
MinimumVisualStudioVersion = 10.0.40219.1
Project("{FAE04EC0-301F-11D3-BF4B-00C04F79EFBC}") = "Symbiote.Server", "Symbiote.Server\Symbiote.Server.csproj", "{7A65C7E6-510D-4FE0-9FE3-A9CD3FFC7F7A}"
EndProject
Project("{54A90642-561A-4BB1-A94E-469ADEE60C69}") = "symbiote.client", "symbiote.client\symbiote.client.esproj", "{F64B928E-D001-4E87-AE74-3EB61D0E935C}"
EndProject
Global
	GlobalSection(SolutionConfigurationPlatforms) = preSolution
		Debug|Any CPU = Debug|Any CPU
		Release|Any CPU = Release|Any CPU
	EndGlobalSection
	GlobalSection(ProjectConfigurationPlatforms) = postSolution
		{7A65C7E6-510D-4FE0-9FE3-A9CD3FFC7F7A}.Debug|Any CPU.ActiveCfg = Debug|Any CPU
		{7A65C7E6-510D-4FE0-9FE3-A9CD3FFC7F7A}.Debug|Any CPU.Build.0 = Debug|Any CPU
		{7A65C7E6-510D-4FE0-9FE3-A9CD3FFC7F7A}.Release|Any CPU.ActiveCfg = Release|Any CPU
		{7A65C7E6-510D-4FE0-9FE3-A9CD3FFC7F7A}.Release|Any CPU.Build.0 = Release|Any CPU
		{F64B928E-D001-4E87-AE74-3EB61D0E935C}.Debug|Any CPU.ActiveCfg = Debug|Any CPU
		{F64B928E-D001-4E87-AE74-3EB61D0E935C}.Debug|Any CPU.Build.0 = Debug|Any CPU
		{F64B928E-D001-4E87-AE74-3EB61D0E935C}.Debug|Any CPU.Deploy.0 = Debug|Any CPU
		{F64B928E-D001-4E87-AE74-3EB61D0E935C}.Release|Any CPU.ActiveCfg = Release|Any CPU
		{F64B928E-D001-4E87-AE74-3EB61D0E935C}.Release|Any CPU.Build.0 = Release|Any CPU
		{F64B928E-D001-4E87-AE74-3EB61D0E935C}.Release|Any CPU.Deploy.0 = Release|Any CPU
	EndGlobalSection
	GlobalSection(SolutionProperties) = preSolution
		HideSolutionNode = FALSE
	EndGlobalSection
	GlobalSection(ExtensibilityGlobals) = postSolution
		SolutionGuid = {A04150C7-250E-42C6-86B4-170DBFC01B7B}
	EndGlobalSection
EndGlobal
